
Microsoft Visual Studio Solution File, Format Version 11.00
# Visual Studio 2010
Project("{FAE04EC0-301F-11D3-BF4B-00C04F79EFBC}") = "Assembly-CSharp", "Assembly-CSharp.csproj", "{03b25e66-07ad-3fcf-46cd-5529423294aa}"
EndProject
Project("{FAE04EC0-301F-11D3-BF4B-00C04F79EFBC}") = "Assembly-CSharp-Editor", "Assembly-CSharp-Editor.csproj", "{b35d06ae-b000-a9d3-d5e7-82fc60c16201}"
EndProject
Global
	GlobalSection(SolutionConfigurationPlatforms) = preSolution
		Debug|Any CPU = Debug|Any CPU
	EndGlobalSection
	GlobalSection(ProjectConfigurationPlatforms) = postSolution
		{03b25e66-07ad-3fcf-46cd-5529423294aa}.Debug|Any CPU.ActiveCfg = Debug|Any CPU
		{03b25e66-07ad-3fcf-46cd-5529423294aa}.Debug|Any CPU.Build.0 = Debug|Any CPU
		{b35d06ae-b000-a9d3-d5e7-82fc60c16201}.Debug|Any CPU.ActiveCfg = Debug|Any CPU
		{b35d06ae-b000-a9d3-d5e7-82fc60c16201}.Debug|Any CPU.Build.0 = Debug|Any CPU
	EndGlobalSection
	GlobalSection(SolutionProperties) = preSolution
		HideSolutionNode = FALSE
	EndGlobalSection
EndGlobal
